// !$*UTF8*$!
{
	archiveVersion = 1;
	classes = {
	};
	objectVersion = 46;
	objects = {

/* Begin PBXBuildFile section */
		B518D546216375B700B23FB7 /* main.cpp in Sources */ = {isa = PBXBuildFile; fileRef = B518D545216375B700B23FB7 /* main.cpp */; };
		B518D54D21637EC300B23FB7 /* getWords.cpp in Sources */ = {isa = PBXBuildFile; fileRef = B518D54C21637EC300B23FB7 /* getWords.cpp */; };
		B518D54F2163806F00B23FB7 /* numbrs.cpp in Sources */ = {isa = PBXBuildFile; fileRef = B518D54E2163806F00B23FB7 /* numbrs.cpp */; };
/* End PBXBuildFile section */

/* Begin PBXCopyFilesBuildPhase section */
		B518D540216375B700B23FB7 /* CopyFiles */ = {
			isa = PBXCopyFilesBuildPhase;
			buildActionMask = 2147483647;
			dstPath = /usr/share/man/man1/;
			dstSubfolderSpec = 0;
			files = (
			);
			runOnlyForDeploymentPostprocessing = 1;
		};
/* End PBXCopyFilesBuildPhase section */

/* Begin PBXFileReference section */
		B518D542216375B700B23FB7 /* Vectors */ = {isa = PBXFileReference; explicitFileType = "compiled.mach-o.executable"; includeInIndex = 0; path = Vectors; sourceTree = BUILT_PRODUCTS_DIR; };
		B518D545216375B700B23FB7 /* main.cpp */ = {isa = PBXFileReference; lastKnownFileType = sourcecode.cpp.cpp; path = main.cpp; sourceTree = "<group>"; };
		B518D54C21637EC300B23FB7 /* getWords.cpp */ = {isa = PBXFileReference; fileEncoding = 4; lastKnownFileType = sourcecode.cpp.cpp; path = getWords.cpp; sourceTree = "<group>"; };
		B518D54E2163806F00B23FB7 /* numbrs.cpp */ = {isa = PBXFileReference; fileEncoding = 4; lastKnownFileType = sourcecode.cpp.cpp; path = numbrs.cpp; sourceTree = "<group>"; };
/* End PBXFileReference section */

/* Begin PBXFrameworksBuildPhase section */
		B518D53F216375B700B23FB7 /* Frameworks */ = {
			isa = PBXFrameworksBuildPhase;
			buildActionMask = 2147483647;
			files = (
			);
			runOnlyForDeploymentPostprocessing = 0;
		};
/* End PBXFrameworksBuildPhase section */

/* Begin PBXGroup section */
		B518D539216375B700B23FB7 = {
			isa = PBXGroup;
			children = (
				B518D544216375B700B23FB7 /* Vectors */,
				B518D543216375B700B23FB7 /* Products */,
			);
			sourceTree = "<group>";
		};
		B518D543216375B700B23FB7 /* Products */ = {
			isa = PBXGroup;
			children = (
				B518D542216375B700B23FB7 /* Vectors */,
			);
			name = Products;
			sourceTree = "<group>";
		};
		B518D544216375B700B23FB7 /* Vectors */ = {
			isa = PBXGroup;
			children = (
				B518D545216375B700B23FB7 /* main.cpp */,
				B518D54C21637EC300B23FB7 /* getWords.cpp */,
				B518D54E2163806F00B23FB7 /* numbrs.cpp */,
			);
			path = Vectors;
			sourceTree = "<group>";
		};
/* End PBXGroup section */

/* Begin PBXNativeTarget section */
		B518D541216375B700B23FB7 /* Vectors */ = {
			isa = PBXNativeTarget;
			buildConfigurationList = B518D549216375B700B23FB7 /* Build configuration list for PBXNativeTarget "Vectors" */;
			buildPhases = (
				B518D53E216375B700B23FB7 /* Sources */,
				B518D53F216375B700B23FB7 /* Frameworks */,
				B518D540216375B700B23FB7 /* CopyFiles */,
			);
			buildRules = (
			);
			dependencies = (
			);
			name = Vectors;
			productName = Vectors;
			productReference = B518D542216375B700B23FB7 /* Vectors */;
			productType = "com.apple.product-type.tool";
		};
/* End PBXNativeTarget section */

/* Begin PBXProject section */
		B518D53A216375B700B23FB7 /* Project object */ = {
			isa = PBXProject;
			attributes = {
				LastUpgradeCheck = 0820;
				ORGANIZATIONNAME = "Benard Ochieng";
				TargetAttributes = {
					B518D541216375B700B23FB7 = {
						CreatedOnToolsVersion = 8.2.1;
						ProvisioningStyle = Automatic;
					};
				};
			};
			buildConfigurationList = B518D53D216375B700B23FB7 /* Build configuration list for PBXProject "Vectors" */;
			compatibilityVersion = "Xcode 3.2";
			developmentRegion = English;
			hasScannedForEncodings = 0;
			knownRegions = (
				en,
			);
			mainGroup = B518D539216375B700B23FB7;
			productRefGroup = B518D543216375B700B23FB7 /* Products */;
			projectDirPath = "";
			projectRoot = "";
			targets = (
				B518D541216375B700B23FB7 /* Vectors */,
			);
		};
/* End PBXProject section */

/* Begin PBXSourcesBuildPhase section */
		B518D53E216375B700B23FB7 /* Sources */ = {
			isa = PBXSourcesBuildPhase;
			buildActionMask = 2147483647;
			files = (
				B518D54D21637EC300B23FB7 /* getWords.cpp in Sources */,
				B518D546216375B700B23FB7 /* main.cpp in Sources */,
				B518D54F2163806F00B23FB7 /* numbrs.cpp in Sources */,
			);
			runOnlyForDeploymentPostprocessing = 0;
		};
/* End PBXSourcesBuildPhase section */

/* Begin XCBuildConfiguration section */
		B518D547216375B700B23FB7 /* Debug */ = {
			isa = XCBuildConfiguration;
			buildSettings = {
				ALWAYS_SEARCH_USER_PATHS = NO;
				CLANG_ANALYZER_NONNULL = YES;
				CLANG_CXX_LANGUAGE_STANDARD = "gnu++0x";
				CLANG_CXX_LIBRARY = "libc++";
				CLANG_ENABLE_MODULES = YES;
				CLANG_ENABLE_OBJC_ARC = YES;
				CLANG_WARN_BOOL_CONVERSION = YES;
				CLANG_WARN_CONSTANT_CONVERSION = YES;
				CLANG_WARN_DIRECT_OBJC_ISA_USAGE = YES_ERROR;
				CLANG_WARN_DOCUMENTATION_COMMENTS = YES;
				CLANG_WARN_EMPTY_BODY = YES;
				CLANG_WARN_ENUM_CONVERSION = YES;
				CLANG_WARN_INFINITE_RECURSION = YES;
				CLANG_WARN_INT_CONVERSION = YES;
				CLANG_WARN_OBJC_ROOT_CLASS = YES_ERROR;
				CLANG_WARN_SUSPICIOUS_MOVE = YES;
				CLANG_WARN_UNREACHABLE_CODE = YES;
				CLANG_WARN__DUPLICATE_METHOD_MATCH = YES;
				CODE_SIGN_IDENTITY = "-";
				COPY_PHASE_STRIP = NO;
				DEBUG_INFORMATION_FORMAT = dwarf;
				ENABLE_STRICT_OBJC_MSGSEND = YES;
				ENABLE_TESTABILITY = YES;
				GCC_C_LANGUAGE_STANDARD = gnu99;
				GCC_DYNAMIC_NO_PIC = NO;
				GCC_NO_COMMON_BLOCKS = YES;
				GCC_OPTIMIZATION_LEVEL = 0;
				GCC_PREPROCESSOR_DEFINITIONS = (
					"DEBUG=1",
					"$(inherited)",
				);
				GCC_WARN_64_TO_32_BIT_CONVERSION = YES;
				GCC_WARN_ABOUT_RETURN_TYPE = YES_ERROR;
				GCC_WARN_UNDECLARED_SELECTOR = YES;
				GCC_WARN_UNINITIALIZED_AUTOS = YES_AGGRESSIVE;
				GCC_WARN_UNUSED_FUNCTION = YES;
				GCC_WARN_UNUSED_VARIABLE = YES;
				MACOSX_DEPLOYMENT_TARGET = 10.11;
				MTL_ENABLE_DEBUG_INFO = YES;
				ONLY_ACTIVE_ARCH = YES;
				SDKROOT = macosx;
			};
			name = Debug;
		};
		B518D548216375B700B23FB7 /* Release */ = {
			isa = XCBuildConfiguration;
			buildSettings = {
				ALWAYS_SEARCH_USER_PATHS = NO;
				CLANG_ANALYZER_NONNULL = YES;
				CLANG_CXX_LANGUAGE_STANDARD = "gnu++0x";
				CLANG_CXX_LIBRARY = "libc++";
				CLANG_ENABLE_MODULES = YES;
				CLANG_ENABLE_OBJC_ARC = YES;
				CLANG_WARN_BOOL_CONVERSION = YES;
				CLANG_WARN_CONSTANT_CONVERSION = YES;
				CLANG_WARN_DIRECT_OBJC_ISA_USAGE = YES_ERROR;
				CLANG_WARN_DOCUMENTATION_COMMENTS = YES;
				CLANG_WARN_EMPTY_BODY = YES;
				CLANG_WARN_ENUM_CONVERSION = YES;
				CLANG_WARN_INFINITE_RECURSION = YES;
				CLANG_WARN_INT_CONVERSION = YES;
				CLANG_WARN_OBJC_ROOT_CLASS = YES_ERROR;
				CLANG_WARN_SUSPICIOUS_MOVE = YES;
				CLANG_WARN_UNREACHABLE_CODE = YES;
				CLANG_WARN__DUPLICATE_METHOD_MATCH = YES;
				CODE_SIGN_IDENTITY = "-";
				COPY_PHASE_STRIP = NO;
				DEBUG_INFORMATION_FORMAT = "dwarf-with-dsym";
				ENABLE_NS_ASSERTIONS = NO;
				ENABLE_STRICT_OBJC_MSGSEND = YES;
				GCC_C_LANGUAGE_STANDARD = gnu99;
				GCC_NO_COMMON_BLOCKS = YES;
				GCC_WARN_64_TO_32_BIT_CONVERSION = YES;
				GCC_WARN_ABOUT_RETURN_TYPE = YES_ERROR;
				GCC_WARN_UNDECLARED_SELECTOR = YES;
				GCC_WARN_UNINITIALIZED_AUTOS = YES_AGGRESSIVE;
				GCC_WARN_UNUSED_FUNCTION = YES;
				GCC_WARN_UNUSED_VARIABLE = YES;
				MACOSX_DEPLOYMENT_TARGET = 10.11;
				MTL_ENABLE_DEBUG_INFO = NO;
				SDKROOT = macosx;
			};
			name = Release;
		};
		B518D54A216375B700B23FB7 /* Debug */ = {
			isa = XCBuildConfiguration;
			buildSettings = {
				PRODUCT_NAME = "$(TARGET_NAME)";
			};
			name = Debug;
		};
		B518D54B216375B700B23FB7 /* Release */ = {
			isa = XCBuildConfiguration;
			buildSettings = {
				PRODUCT_NAME = "$(TARGET_NAME)";
			};
			name = Release;
		};
/* End XCBuildConfiguration section */

/* Begin XCConfigurationList section */
		B518D53D216375B700B23FB7 /* Build configuration list for PBXProject "Vectors" */ = {
			isa = XCConfigurationList;
			buildConfigurations = (
				B518D547216375B700B23FB7 /* Debug */,
				B518D548216375B700B23FB7 /* Release */,
			);
			defaultConfigurationIsVisible = 0;
			defaultConfigurationName = Release;
		};
		B518D549216375B700B23FB7 /* Build configuration list for PBXNativeTarget "Vectors" */ = {
			isa = XCConfigurationList;
			buildConfigurations = (
				B518D54A216375B700B23FB7 /* Debug */,
				B518D54B216375B700B23FB7 /* Release */,
			);
			defaultConfigurationIsVisible = 0;
		};
/* End XCConfigurationList section */
	};
	rootObject = B518D53A216375B700B23FB7 /* Project object */;
}
